
Microsoft Visual Studio Solution File, Format Version 12.00
# Visual Studio 15
VisualStudioVersion = 15.0.27703.2000
MinimumVisualStudioVersion = 10.0.40219.1
Project("{9A19103F-16F7-4668-BE54-9A1E7A4F7556}") = "PeopleSearchAPI", "PeopleSearchAPI\PeopleSearchAPI.csproj", "{0DAC6446-BFAE-4E36-9E81-9786D150A209}"
EndProject
Project("{9A19103F-16F7-4668-BE54-9A1E7A4F7556}") = "PeopleSearchWeb", "PeopleSearchWeb\PeopleSearchWeb.csproj", "{4C7CB4B7-536F-454B-8811-BB984B1C3B2D}"
EndProject
Global
	GlobalSection(SolutionConfigurationPlatforms) = preSolution
		Debug|Any CPU = Debug|Any CPU
		Release|Any CPU = Release|Any CPU
	EndGlobalSection
	GlobalSection(ProjectConfigurationPlatforms) = postSolution
		{0DAC6446-BFAE-4E36-9E81-9786D150A209}.Debug|Any CPU.ActiveCfg = Debug|Any CPU
		{0DAC6446-BFAE-4E36-9E81-9786D150A209}.Debug|Any CPU.Build.0 = Debug|Any CPU
		{0DAC6446-BFAE-4E36-9E81-9786D150A209}.Release|Any CPU.ActiveCfg = Release|Any CPU
		{0DAC6446-BFAE-4E36-9E81-9786D150A209}.Release|Any CPU.Build.0 = Release|Any CPU
		{4C7CB4B7-536F-454B-8811-BB984B1C3B2D}.Debug|Any CPU.ActiveCfg = Debug|Any CPU
		{4C7CB4B7-536F-454B-8811-BB984B1C3B2D}.Debug|Any CPU.Build.0 = Debug|Any CPU
		{4C7CB4B7-536F-454B-8811-BB984B1C3B2D}.Release|Any CPU.ActiveCfg = Release|Any CPU
		{4C7CB4B7-536F-454B-8811-BB984B1C3B2D}.Release|Any CPU.Build.0 = Release|Any CPU
	EndGlobalSection
	GlobalSection(SolutionProperties) = preSolution
		HideSolutionNode = FALSE
	EndGlobalSection
	GlobalSection(ExtensibilityGlobals) = postSolution
		SolutionGuid = {89959F51-1C82-48A0-92E1-DA804357C0ED}
	EndGlobalSection
EndGlobal
